
Microsoft Visual Studio Solution File, Format Version 12.00
# Visual Studio Version 17
VisualStudioVersion = 17.8.34330.188
MinimumVisualStudioVersion = 10.0.40219.1
Project("{888888A0-9F3D-457C-B088-3A5042F75D52}") = "Japan Quiz", "Japan Quiz.pyproj", "{BA4EFDA7-2A24-481E-B0B6-38822CAB20F4}"
EndProject
Global
	GlobalSection(SolutionConfigurationPlatforms) = preSolution
		Debug|Any CPU = Debug|Any CPU
		Release|Any CPU = Release|Any CPU
	EndGlobalSection
	GlobalSection(ProjectConfigurationPlatforms) = postSolution
		{BA4EFDA7-2A24-481E-B0B6-38822CAB20F4}.Debug|Any CPU.ActiveCfg = Debug|Any CPU
		{BA4EFDA7-2A24-481E-B0B6-38822CAB20F4}.Debug|Any CPU.Build.0 = Debug|Any CPU
		{BA4EFDA7-2A24-481E-B0B6-38822CAB20F4}.Release|Any CPU.ActiveCfg = Release|Any CPU
		{BA4EFDA7-2A24-481E-B0B6-38822CAB20F4}.Release|Any CPU.Build.0 = Release|Any CPU
	EndGlobalSection
	GlobalSection(SolutionProperties) = preSolution
		HideSolutionNode = FALSE
	EndGlobalSection
	GlobalSection(ExtensibilityGlobals) = postSolution
		SolutionGuid = {345EEA62-56F3-4F8F-B172-30F2EDC85537}
	EndGlobalSection
EndGlobal
